
Microsoft Visual Studio Solution File, Format Version 12.00
# Visual Studio Version 17
VisualStudioVersion = 17.11.35219.272
MinimumVisualStudioVersion = 10.0.40219.1
Project("{FAE04EC0-301F-11D3-BF4B-00C04F79EFBC}") = "Proxy_Pattern", "Proxy_Pattern\Proxy_Pattern.csproj", "{CC1676B5-35E9-422A-8734-2FA7AD7D9713}"
EndProject
Global
	GlobalSection(SolutionConfigurationPlatforms) = preSolution
		Debug|Any CPU = Debug|Any CPU
		Release|Any CPU = Release|Any CPU
	EndGlobalSection
	GlobalSection(ProjectConfigurationPlatforms) = postSolution
		{CC1676B5-35E9-422A-8734-2FA7AD7D9713}.Debug|Any CPU.ActiveCfg = Debug|Any CPU
		{CC1676B5-35E9-422A-8734-2FA7AD7D9713}.Debug|Any CPU.Build.0 = Debug|Any CPU
		{CC1676B5-35E9-422A-8734-2FA7AD7D9713}.Release|Any CPU.ActiveCfg = Release|Any CPU
		{CC1676B5-35E9-422A-8734-2FA7AD7D9713}.Release|Any CPU.Build.0 = Release|Any CPU
	EndGlobalSection
	GlobalSection(SolutionProperties) = preSolution
		HideSolutionNode = FALSE
	EndGlobalSection
	GlobalSection(ExtensibilityGlobals) = postSolution
		SolutionGuid = {25ECC024-27E4-492F-8507-7420035BD834}
	EndGlobalSection
EndGlobal
